
Microsoft Visual Studio Solution File, Format Version 12.00
# Visual Studio Version 16
VisualStudioVersion = 16.0.31702.278
MinimumVisualStudioVersion = 10.0.40219.1
Project("{9A19103F-16F7-4668-BE54-9A1E7A4F7556}") = "Calorie Counting", "Calorie Counting\Calorie Counting.csproj", "{F6FA4364-3514-4A70-8C97-025249658F65}"
EndProject
Project("{9A19103F-16F7-4668-BE54-9A1E7A4F7556}") = "Rock Paper Scissors", "Rock Paper Scissors\Rock Paper Scissors.csproj", "{3087368E-0EF7-4EC3-80F0-A54A141C11EC}"
EndProject
Project("{9A19103F-16F7-4668-BE54-9A1E7A4F7556}") = "Rucksack Reorganisation", "Rucksack Reorganisation\Rucksack Reorganisation.csproj", "{1BD79CC3-B9B1-49A8-A779-E8EFF81A4CDF}"
EndProject
Project("{FAE04EC0-301F-11D3-BF4B-00C04F79EFBC}") = "Camp Cleanup", "Camp Cleanup\Camp Cleanup.csproj", "{1EACA146-B22F-4F57-A0BE-635DAB184C16}"
EndProject
Global
	GlobalSection(SolutionConfigurationPlatforms) = preSolution
		Debug|Any CPU = Debug|Any CPU
		Release|Any CPU = Release|Any CPU
	EndGlobalSection
	GlobalSection(ProjectConfigurationPlatforms) = postSolution
		{F6FA4364-3514-4A70-8C97-025249658F65}.Debug|Any CPU.ActiveCfg = Debug|Any CPU
		{F6FA4364-3514-4A70-8C97-025249658F65}.Debug|Any CPU.Build.0 = Debug|Any CPU
		{F6FA4364-3514-4A70-8C97-025249658F65}.Release|Any CPU.ActiveCfg = Release|Any CPU
		{F6FA4364-3514-4A70-8C97-025249658F65}.Release|Any CPU.Build.0 = Release|Any CPU
		{3087368E-0EF7-4EC3-80F0-A54A141C11EC}.Debug|Any CPU.ActiveCfg = Debug|Any CPU
		{3087368E-0EF7-4EC3-80F0-A54A141C11EC}.Debug|Any CPU.Build.0 = Debug|Any CPU
		{3087368E-0EF7-4EC3-80F0-A54A141C11EC}.Release|Any CPU.ActiveCfg = Release|Any CPU
		{3087368E-0EF7-4EC3-80F0-A54A141C11EC}.Release|Any CPU.Build.0 = Release|Any CPU
		{1BD79CC3-B9B1-49A8-A779-E8EFF81A4CDF}.Debug|Any CPU.ActiveCfg = Debug|Any CPU
		{1BD79CC3-B9B1-49A8-A779-E8EFF81A4CDF}.Debug|Any CPU.Build.0 = Debug|Any CPU
		{1BD79CC3-B9B1-49A8-A779-E8EFF81A4CDF}.Release|Any CPU.ActiveCfg = Release|Any CPU
		{1BD79CC3-B9B1-49A8-A779-E8EFF81A4CDF}.Release|Any CPU.Build.0 = Release|Any CPU
		{1EACA146-B22F-4F57-A0BE-635DAB184C16}.Debug|Any CPU.ActiveCfg = Debug|Any CPU
		{1EACA146-B22F-4F57-A0BE-635DAB184C16}.Debug|Any CPU.Build.0 = Debug|Any CPU
		{1EACA146-B22F-4F57-A0BE-635DAB184C16}.Release|Any CPU.ActiveCfg = Release|Any CPU
		{1EACA146-B22F-4F57-A0BE-635DAB184C16}.Release|Any CPU.Build.0 = Release|Any CPU
	EndGlobalSection
	GlobalSection(SolutionProperties) = preSolution
		HideSolutionNode = FALSE
	EndGlobalSection
	GlobalSection(ExtensibilityGlobals) = postSolution
		SolutionGuid = {EF06B61A-BDD6-4114-9542-7BE13C1DC10D}
	EndGlobalSection
EndGlobal
