
Microsoft Visual Studio Solution File, Format Version 12.00
# Visual Studio Version 17
VisualStudioVersion = 17.5.33103.201
MinimumVisualStudioVersion = 10.0.40219.1
Project("{9A19103F-16F7-4668-BE54-9A1E7A4F7556}") = "Calorie Counting", "Calorie Counting\Calorie Counting.csproj", "{F6FA4364-3514-4A70-8C97-025249658F65}"
EndProject
Project("{9A19103F-16F7-4668-BE54-9A1E7A4F7556}") = "Rock Paper Scissors", "Rock Paper Scissors\Rock Paper Scissors.csproj", "{3087368E-0EF7-4EC3-80F0-A54A141C11EC}"
EndProject
Project("{9A19103F-16F7-4668-BE54-9A1E7A4F7556}") = "Rucksack Reorganisation", "Rucksack Reorganisation\Rucksack Reorganisation.csproj", "{1BD79CC3-B9B1-49A8-A779-E8EFF81A4CDF}"
EndProject
Project("{9A19103F-16F7-4668-BE54-9A1E7A4F7556}") = "Camp Cleanup", "Camp Cleanup\Camp Cleanup.csproj", "{1EACA146-B22F-4F57-A0BE-635DAB184C16}"
EndProject
Project("{9A19103F-16F7-4668-BE54-9A1E7A4F7556}") = "Supply Stacks", "Supply Stacks\Supply Stacks.csproj", "{CA9BC7DE-A9A4-4723-ABD4-60FE110FD1BC}"
EndProject
Project("{9A19103F-16F7-4668-BE54-9A1E7A4F7556}") = "Tuning Trouble", "Tuning Trouble\Tuning Trouble.csproj", "{579472DB-04C2-40BE-AAE1-C4CE3C4DA15C}"
EndProject
Project("{9A19103F-16F7-4668-BE54-9A1E7A4F7556}") = "No Space Left", "No Space Left\No Space Left.csproj", "{166526BB-F413-470D-A776-E3F578C9333B}"
EndProject
Project("{FAE04EC0-301F-11D3-BF4B-00C04F79EFBC}") = "Treetop Tree House", "Treetop Tree House\Treetop Tree House.csproj", "{592B1004-62ED-446A-BCAE-411B0D718A8A}"
EndProject
Global
	GlobalSection(SolutionConfigurationPlatforms) = preSolution
		Debug|Any CPU = Debug|Any CPU
		Release|Any CPU = Release|Any CPU
	EndGlobalSection
	GlobalSection(ProjectConfigurationPlatforms) = postSolution
		{F6FA4364-3514-4A70-8C97-025249658F65}.Debug|Any CPU.ActiveCfg = Debug|Any CPU
		{F6FA4364-3514-4A70-8C97-025249658F65}.Debug|Any CPU.Build.0 = Debug|Any CPU
		{F6FA4364-3514-4A70-8C97-025249658F65}.Release|Any CPU.ActiveCfg = Release|Any CPU
		{F6FA4364-3514-4A70-8C97-025249658F65}.Release|Any CPU.Build.0 = Release|Any CPU
		{3087368E-0EF7-4EC3-80F0-A54A141C11EC}.Debug|Any CPU.ActiveCfg = Debug|Any CPU
		{3087368E-0EF7-4EC3-80F0-A54A141C11EC}.Debug|Any CPU.Build.0 = Debug|Any CPU
		{3087368E-0EF7-4EC3-80F0-A54A141C11EC}.Release|Any CPU.ActiveCfg = Release|Any CPU
		{3087368E-0EF7-4EC3-80F0-A54A141C11EC}.Release|Any CPU.Build.0 = Release|Any CPU
		{1BD79CC3-B9B1-49A8-A779-E8EFF81A4CDF}.Debug|Any CPU.ActiveCfg = Debug|Any CPU
		{1BD79CC3-B9B1-49A8-A779-E8EFF81A4CDF}.Debug|Any CPU.Build.0 = Debug|Any CPU
		{1BD79CC3-B9B1-49A8-A779-E8EFF81A4CDF}.Release|Any CPU.ActiveCfg = Release|Any CPU
		{1BD79CC3-B9B1-49A8-A779-E8EFF81A4CDF}.Release|Any CPU.Build.0 = Release|Any CPU
		{1EACA146-B22F-4F57-A0BE-635DAB184C16}.Debug|Any CPU.ActiveCfg = Debug|Any CPU
		{1EACA146-B22F-4F57-A0BE-635DAB184C16}.Debug|Any CPU.Build.0 = Debug|Any CPU
		{1EACA146-B22F-4F57-A0BE-635DAB184C16}.Release|Any CPU.ActiveCfg = Release|Any CPU
		{1EACA146-B22F-4F57-A0BE-635DAB184C16}.Release|Any CPU.Build.0 = Release|Any CPU
		{CA9BC7DE-A9A4-4723-ABD4-60FE110FD1BC}.Debug|Any CPU.ActiveCfg = Debug|Any CPU
		{CA9BC7DE-A9A4-4723-ABD4-60FE110FD1BC}.Debug|Any CPU.Build.0 = Debug|Any CPU
		{CA9BC7DE-A9A4-4723-ABD4-60FE110FD1BC}.Release|Any CPU.ActiveCfg = Release|Any CPU
		{CA9BC7DE-A9A4-4723-ABD4-60FE110FD1BC}.Release|Any CPU.Build.0 = Release|Any CPU
		{579472DB-04C2-40BE-AAE1-C4CE3C4DA15C}.Debug|Any CPU.ActiveCfg = Debug|Any CPU
		{579472DB-04C2-40BE-AAE1-C4CE3C4DA15C}.Debug|Any CPU.Build.0 = Debug|Any CPU
		{579472DB-04C2-40BE-AAE1-C4CE3C4DA15C}.Release|Any CPU.ActiveCfg = Release|Any CPU
		{579472DB-04C2-40BE-AAE1-C4CE3C4DA15C}.Release|Any CPU.Build.0 = Release|Any CPU
		{166526BB-F413-470D-A776-E3F578C9333B}.Debug|Any CPU.ActiveCfg = Debug|Any CPU
		{166526BB-F413-470D-A776-E3F578C9333B}.Debug|Any CPU.Build.0 = Debug|Any CPU
		{166526BB-F413-470D-A776-E3F578C9333B}.Release|Any CPU.ActiveCfg = Release|Any CPU
		{166526BB-F413-470D-A776-E3F578C9333B}.Release|Any CPU.Build.0 = Release|Any CPU
		{592B1004-62ED-446A-BCAE-411B0D718A8A}.Debug|Any CPU.ActiveCfg = Debug|Any CPU
		{592B1004-62ED-446A-BCAE-411B0D718A8A}.Debug|Any CPU.Build.0 = Debug|Any CPU
		{592B1004-62ED-446A-BCAE-411B0D718A8A}.Release|Any CPU.ActiveCfg = Release|Any CPU
		{592B1004-62ED-446A-BCAE-411B0D718A8A}.Release|Any CPU.Build.0 = Release|Any CPU
	EndGlobalSection
	GlobalSection(SolutionProperties) = preSolution
		HideSolutionNode = FALSE
	EndGlobalSection
	GlobalSection(ExtensibilityGlobals) = postSolution
		SolutionGuid = {EF06B61A-BDD6-4114-9542-7BE13C1DC10D}
	EndGlobalSection
EndGlobal
